
Microsoft Visual Studio Solution File, Format Version 12.00
# Visual Studio Version 16
VisualStudioVersion = 16.0.30523.141
MinimumVisualStudioVersion = 10.0.40219.1
Project("{FAE04EC0-301F-11D3-BF4B-00C04F79EFBC}") = "ChainedList", "ChainedList.csproj", "{66A7835F-E8B9-4F04-A791-164F7280440F}"
EndProject
Global
	GlobalSection(SolutionConfigurationPlatforms) = preSolution
		Debug|Any CPU = Debug|Any CPU
		Release|Any CPU = Release|Any CPU
	EndGlobalSection
	GlobalSection(ProjectConfigurationPlatforms) = postSolution
		{66A7835F-E8B9-4F04-A791-164F7280440F}.Debug|Any CPU.ActiveCfg = Debug|Any CPU
		{66A7835F-E8B9-4F04-A791-164F7280440F}.Debug|Any CPU.Build.0 = Debug|Any CPU
		{66A7835F-E8B9-4F04-A791-164F7280440F}.Release|Any CPU.ActiveCfg = Release|Any CPU
		{66A7835F-E8B9-4F04-A791-164F7280440F}.Release|Any CPU.Build.0 = Release|Any CPU
	EndGlobalSection
	GlobalSection(SolutionProperties) = preSolution
		HideSolutionNode = FALSE
	EndGlobalSection
	GlobalSection(ExtensibilityGlobals) = postSolution
		SolutionGuid = {9F5E90C9-0A5E-4588-8681-D07C3E3F5781}
	EndGlobalSection
EndGlobal
